PODS:
  - AFNetworking (3.1.0):
    - AFNetworking/NSURLSession (= 3.1.0)
    - AFNetworking/Reachability (= 3.1.0)
    - AFNetworking/Security (= 3.1.0)
    - AFNetworking/Serialization (= 3.1.0)
    - AFNetworking/UIKit (= 3.1.0)
  - AFNetworking/NSURLSession (3.1.0):
    - AFNetworking/Reachability
    - AFNetworking/Security
    - AFNetworking/Serialization
  - AFNetworking/Reachability (3.1.0)
  - AFNetworking/Security (3.1.0)
  - AFNetworking/Serialization (3.1.0)
  - AFNetworking/UIKit (3.1.0):
    - AFNetworking/NSURLSession
  - AMTagListView (1.2.0)
  - DACircularProgress (2.3.1)
  - DateTools (1.7.0)
  - MBProgressHUD (0.9.2)
  - MWFeedParser (1.0.1):
    - MWFeedParser/FeedParser (= 1.0.1)
    - MWFeedParser/NSDate+InternetDateTime (= 1.0.1)
    - MWFeedParser/NSString+HTML (= 1.0.1)
  - MWFeedParser/FeedParser (1.0.1):
    - MWFeedParser/NSDate+InternetDateTime
    - MWFeedParser/NSString+HTML
  - MWFeedParser/NSDate+InternetDateTime (1.0.1)
  - MWFeedParser/NSString+HTML (1.0.1)
  - MWPhotoBrowser (2.1.2):
    - DACircularProgress (~> 2.3)
    - MBProgressHUD (~> 0.9)
    - SDWebImage (!= 3.7.2, ~> 3.7)
  - Ono (1.2.2)
  - SDWebImage (3.8.1):
    - SDWebImage/Core (= 3.8.1)
  - SDWebImage/Core (3.8.1)

DEPENDENCIES:
  - AFNetworking
  - AMTagListView
  - DateTools
  - MWFeedParser
  - MWPhotoBrowser
  - Ono

SPEC CHECKSUMS:
  AFNetworking: 5e0e199f73d8626b11e79750991f5d173d1f8b67
  AMTagListView: 1ccccb018738fc39917dbda270b29453b21e68cb
  DACircularProgress: 4dd437c0fc3da5161cb289e07ac449493d41db71
  DateTools: 53288ee8b905fdc75897a1e6b5cc0144b14cba60
  MBProgressHUD: 1569cf7ace17a8bac47aabfbb8580a49690386d1
  MWFeedParser: 2cf646014c1baf6ad1b08c480b40a08180079247
  MWPhotoBrowser: 5836d7aa041dc05a13de380c246826578adc5ea5
  Ono: 80b1c686777d3f6d5d5ce6fcac8a74afef4ca197
  SDWebImage: 35f9627a3e44b4f292a8a8ce6a531fa488239b91

PODFILE CHECKSUM: 29e7e01636b05fadf87561b09040a6c94239eb0f

COCOAPODS: 1.0.1
